{
  "R": {
    "Version": "3.6.3",
    "Repositories": [
      {
        "Name": "CRAN",
        "URL": "https://cran.rstudio.com"
      }
    ]
  },
  "Packages": {
    "DBI": {
      "Package": "DBI",
      "Version": "1.1.2",
      "Source": "Repository",
      "Repository": "CRAN",
      "Hash": "dcd1743af4336156873e3ce3c950b8b9",
      "Requirements": []
    },
    "DEoptimR": {
      "Package": "DEoptimR",
      "Version": "1.0-11",
      "Source": "Repository",
      "Repository": "CRAN",
      "Hash": "b18b34cfbf932e17803c2e3e4b1a2d2a",
      "Requirements": []
    },
    "MASS": {
      "Package": "MASS",
      "Version": "7.3-51.5",
      "Source": "Repository",
      "Repository": "CRAN",
      "Hash": "9efe80472b21189ebab1b74169808c26",
      "Requirements": []
    },
    "Matrix": {
      "Package": "Matrix",
      "Version": "1.2-18",
      "Source": "Repository",
      "Repository": "CRAN",
      "Hash": "08588806cba69f04797dab50627428ed",
      "Requirements": [
        "lattice"
      ]
    },
    "R.cache": {
      "Package": "R.cache",
      "Version": "0.15.0",
      "Source": "Repository",
      "Repository": "CRAN",
      "Hash": "e92a8ea8388c47c82ed8aa435ed3be50",
      "Requirements": [
        "R.methodsS3",
        "R.oo",
        "R.utils",
        "digest"
      ]
    },
    "R.methodsS3": {
      "Package": "R.methodsS3",
      "Version": "1.8.1",
      "Source": "Repository",
      "Repository": "CRAN",
      "Hash": "4bf6453323755202d5909697b6f7c109",
      "Requirements": []
    },
    "R.oo": {
      "Package": "R.oo",
      "Version": "1.24.0",
      "Source": "Repository",
      "Repository": "CRAN",
      "Hash": "5709328352717e2f0a9c012be8a97554",
      "Requirements": [
        "R.methodsS3"
      ]
    },
    "R.utils": {
      "Package": "R.utils",
      "Version": "2.11.0",
      "Source": "Repository",
      "Repository": "CRAN",
      "Hash": "a7ecb8e60815c7a18648e84cd121b23a",
      "Requirements": [
        "R.methodsS3",
        "R.oo"
      ]
    },
    "R6": {
      "Package": "R6",
      "Version": "2.5.1",
      "Source": "Repository",
      "Repository": "CRAN",
      "Hash": "470851b6d5d0ac559e9d01bb352b4021",
      "Requirements": []
    },
    "RColorBrewer": {
      "Package": "RColorBrewer",
      "Version": "1.1-3",
      "Source": "Repository",
      "Repository": "CRAN",
      "Hash": "45f0398006e83a5b10b72a90663d8d8c",
      "Requirements": []
    },
    "RSQLite": {
      "Package": "RSQLite",
      "Version": "2.2.12",
      "Source": "Repository",
      "Repository": "CRAN",
      "Hash": "4bfe20c70c3db354b60adf76e10fc7f6",
      "Requirements": [
        "DBI",
        "Rcpp",
        "bit64",
        "blob",
        "memoise",
        "pkgconfig",
        "plogr"
      ]
    },
    "Rcpp": {
      "Package": "Rcpp",
      "Version": "1.0.8.3",
      "Source": "Repository",
      "Repository": "CRAN",
      "Hash": "32e79b908fda56ee57fe518a8d37b864",
      "Requirements": []
    },
    "askpass": {
      "Package": "askpass",
      "Version": "1.1",
      "Source": "Repository",
      "Repository": "CRAN",
      "Hash": "e8a22846fff485f0be3770c2da758713",
      "Requirements": [
        "sys"
      ]
    },
    "babynames": {
      "Package": "babynames",
      "Version": "1.0.1",
      "Source": "Repository",
      "Repository": "CRAN",
      "Hash": "dc44c2887b6d6531d0a20de2fb4bfc08",
      "Requirements": [
        "tibble"
      ]
    },
    "base64enc": {
      "Package": "base64enc",
      "Version": "0.1-3",
      "Source": "Repository",
      "Repository": "CRAN",
      "Hash": "543776ae6848fde2f48ff3816d0628bc",
      "Requirements": []
    },
    "bit": {
      "Package": "bit",
      "Version": "4.0.4",
      "Source": "Repository",
      "Repository": "CRAN",
      "Hash": "f36715f14d94678eea9933af927bc15d",
      "Requirements": []
    },
    "bit64": {
      "Package": "bit64",
      "Version": "4.0.5",
      "Source": "Repository",
      "Repository": "CRAN",
      "Hash": "9fe98599ca456d6552421db0d6772d8f",
      "Requirements": [
        "bit"
      ]
    },
    "blob": {
      "Package": "blob",
      "Version": "1.2.2",
      "Source": "Repository",
      "Repository": "CRAN",
      "Hash": "dc5f7a6598bb025d20d66bb758f12879",
      "Requirements": [
        "rlang",
        "vctrs"
      ]
    },
    "brio": {
      "Package": "brio",
      "Version": "1.1.3",
      "Source": "Repository",
      "Repository": "CRAN",
      "Hash": "976cf154dfb043c012d87cddd8bca363",
      "Requirements": []
    },
    "bslib": {
      "Package": "bslib",
      "Version": "0.3.1",
      "Source": "Repository",
      "Repository": "CRAN",
      "Hash": "56ae7e1987b340186a8a5a157c2ec358",
      "Requirements": [
        "htmltools",
        "jquerylib",
        "jsonlite",
        "rlang",
        "sass"
      ]
    },
    "cachem": {
      "Package": "cachem",
      "Version": "1.0.6",
      "Source": "Repository",
      "Repository": "CRAN",
      "Hash": "648c5b3d71e6a37e3043617489a0a0e9",
      "Requirements": [
        "fastmap",
        "rlang"
      ]
    },
    "callr": {
      "Package": "callr",
      "Version": "3.7.0",
      "Source": "Repository",
      "Repository": "CRAN",
      "Hash": "461aa75a11ce2400245190ef5d3995df",
      "Requirements": [
        "R6",
        "processx"
      ]
    },
    "cli": {
      "Package": "cli",
      "Version": "3.2.0",
      "Source": "Repository",
      "Repository": "CRAN",
      "Hash": "1bdb126893e9ce6aae50ad1d6fc32faf",
      "Requirements": [
        "glue"
      ]
    },
    "clipr": {
      "Package": "clipr",
      "Version": "0.8.0",
      "Source": "Repository",
      "Repository": "CRAN",
      "Hash": "3f038e5ac7f41d4ac41ce658c85e3042",
      "Requirements": []
    },
    "clisymbols": {
      "Package": "clisymbols",
      "Version": "1.2.0",
      "Source": "Repository",
      "Repository": "CRAN",
      "Hash": "96c01552bfd5661b9bbdefbc762f4bcd",
      "Requirements": []
    },
    "colorspace": {
      "Package": "colorspace",
      "Version": "2.0-3",
      "Source": "Repository",
      "Repository": "CRAN",
      "Hash": "bb4341986bc8b914f0f0acf2e4a3f2f7",
      "Requirements": []
    },
    "commonmark": {
      "Package": "commonmark",
      "Version": "1.8.0",
      "Source": "Repository",
      "Repository": "CRAN",
      "Hash": "2ba81b120c1655ab696c935ef33ea716",
      "Requirements": []
    },
    "cpp11": {
      "Package": "cpp11",
      "Version": "0.4.2",
      "Source": "Repository",
      "Repository": "CRAN",
      "Hash": "fa53ce256cd280f468c080a58ea5ba8c",
      "Requirements": []
    },
    "crayon": {
      "Package": "crayon",
      "Version": "1.5.1",
      "Source": "Repository",
      "Repository": "CRAN",
      "Hash": "8dc45fd8a1ee067a92b85ef274e66d6a",
      "Requirements": []
    },
    "curl": {
      "Package": "curl",
      "Version": "4.3.2",
      "Source": "Repository",
      "Repository": "CRAN",
      "Hash": "022c42d49c28e95d69ca60446dbabf88",
      "Requirements": []
    },
    "dataReporter": {
      "Package": "dataReporter",
      "Version": "1.0.2",
      "Source": "Repository",
      "Repository": "CRAN",
      "Hash": "3d7115603dd405bec1c72b3ca54eb1dd",
      "Requirements": [
        "ggplot2",
        "gridExtra",
        "haven",
        "htmltools",
        "magrittr",
        "pander",
        "rmarkdown",
        "robustbase",
        "stringi",
        "whoami"
      ]
    },
    "desc": {
      "Package": "desc",
      "Version": "1.4.1",
      "Source": "Repository",
      "Repository": "CRAN",
      "Hash": "eebd27ee58fcc58714eedb7aa07d8ad1",
      "Requirements": [
        "R6",
        "cli",
        "rprojroot"
      ]
    },
    "diffobj": {
      "Package": "diffobj",
      "Version": "0.3.5",
      "Source": "Repository",
      "Repository": "CRAN",
      "Hash": "bcaa8b95f8d7d01a5dedfd959ce88ab8",
      "Requirements": [
        "crayon"
      ]
    },
    "digest": {
      "Package": "digest",
      "Version": "0.6.29",
      "Source": "Repository",
      "Repository": "CRAN",
      "Hash": "cf6b206a045a684728c3267ef7596190",
      "Requirements": []
    },
    "dplyr": {
      "Package": "dplyr",
      "Version": "1.0.8",
      "Source": "Repository",
      "Repository": "CRAN",
      "Hash": "ef47665e64228a17609d6df877bf86f2",
      "Requirements": [
        "R6",
        "generics",
        "glue",
        "lifecycle",
        "magrittr",
        "pillar",
        "rlang",
        "tibble",
        "tidyselect",
        "vctrs"
      ]
    },
    "ellipsis": {
      "Package": "ellipsis",
      "Version": "0.3.2",
      "Source": "Repository",
      "Repository": "CRAN",
      "Hash": "bb0eec2fe32e88d9e2836c2f73ea2077",
      "Requirements": [
        "rlang"
      ]
    },
    "evaluate": {
      "Package": "evaluate",
      "Version": "0.15",
      "Source": "Repository",
      "Repository": "CRAN",
      "Hash": "699a7a93d08c962d9f8950b2d7a227f1",
      "Requirements": []
    },
    "fansi": {
      "Package": "fansi",
      "Version": "1.0.3",
      "Source": "Repository",
      "Repository": "CRAN",
      "Hash": "83a8afdbe71839506baa9f90eebad7ec",
      "Requirements": []
    },
    "farver": {
      "Package": "farver",
      "Version": "2.1.0",
      "Source": "Repository",
      "Repository": "CRAN",
      "Hash": "c98eb5133d9cb9e1622b8691487f11bb",
      "Requirements": []
    },
    "fastmap": {
      "Package": "fastmap",
      "Version": "1.1.0",
      "Source": "Repository",
      "Repository": "CRAN",
      "Hash": "77bd60a6157420d4ffa93b27cf6a58b8",
      "Requirements": []
    },
    "fontawesome": {
      "Package": "fontawesome",
      "Version": "0.2.2",
      "Source": "Repository",
      "Repository": "CRAN",
      "Hash": "55624ed409e46c5f358b2c060be87f67",
      "Requirements": [
        "htmltools",
        "rlang"
      ]
    },
    "forcats": {
      "Package": "forcats",
      "Version": "0.5.1",
      "Source": "Repository",
      "Repository": "CRAN",
      "Hash": "81c3244cab67468aac4c60550832655d",
      "Requirements": [
        "ellipsis",
        "magrittr",
        "rlang",
        "tibble"
      ]
    },
    "fs": {
      "Package": "fs",
      "Version": "1.5.2",
      "Source": "Repository",
      "Repository": "CRAN",
      "Hash": "7c89603d81793f0d5486d91ab1fc6f1d",
      "Requirements": []
    },
    "gapminder": {
      "Package": "gapminder",
      "Version": "0.3.0",
      "Source": "Repository",
      "Repository": "CRAN",
      "Hash": "d970917c7a0ef3ef3d19e6fe49ab586c",
      "Requirements": [
        "tibble"
      ]
    },
    "generics": {
      "Package": "generics",
      "Version": "0.1.2",
      "Source": "Repository",
      "Repository": "CRAN",
      "Hash": "177475892cf4a55865868527654a7741",
      "Requirements": []
    },
    "ggplot2": {
      "Package": "ggplot2",
      "Version": "3.3.5",
      "Source": "Repository",
      "Repository": "CRAN",
      "Hash": "d7566c471c7b17e095dd023b9ef155ad",
      "Requirements": [
        "MASS",
        "digest",
        "glue",
        "gtable",
        "isoband",
        "mgcv",
        "rlang",
        "scales",
        "tibble",
        "withr"
      ]
    },
    "glue": {
      "Package": "glue",
      "Version": "1.6.2",
      "Source": "Repository",
      "Repository": "CRAN",
      "Hash": "4f2596dfb05dac67b9dc558e5c6fba2e",
      "Requirements": []
    },
    "gridExtra": {
      "Package": "gridExtra",
      "Version": "2.3",
      "Source": "Repository",
      "Repository": "CRAN",
      "Hash": "7d7f283939f563670a697165b2cf5560",
      "Requirements": [
        "gtable"
      ]
    },
    "gtable": {
      "Package": "gtable",
      "Version": "0.3.0",
      "Source": "Repository",
      "Repository": "CRAN",
      "Hash": "ac5c6baf7822ce8732b343f14c072c4d",
      "Requirements": []
    },
    "haven": {
      "Package": "haven",
      "Version": "2.4.3",
      "Source": "Repository",
      "Repository": "CRAN",
      "Hash": "10bec8a8264f3eb59531e8c4c0303f96",
      "Requirements": [
        "cpp11",
        "forcats",
        "hms",
        "readr",
        "rlang",
        "tibble",
        "tidyselect",
        "vctrs"
      ]
    },
    "here": {
      "Package": "here",
      "Version": "1.0.1",
      "Source": "Repository",
      "Repository": "CRAN",
      "Hash": "24b224366f9c2e7534d2344d10d59211",
      "Requirements": [
        "rprojroot"
      ]
    },
    "highr": {
      "Package": "highr",
      "Version": "0.9",
      "Source": "Repository",
      "Repository": "CRAN",
      "Hash": "8eb36c8125038e648e5d111c0d7b2ed4",
      "Requirements": [
        "xfun"
      ]
    },
    "hms": {
      "Package": "hms",
      "Version": "1.1.1",
      "Source": "Repository",
      "Repository": "CRAN",
      "Hash": "5b8a2dd0fdbe2ab4f6081e6c7be6dfca",
      "Requirements": [
        "ellipsis",
        "lifecycle",
        "pkgconfig",
        "rlang",
        "vctrs"
      ]
    },
    "htmltools": {
      "Package": "htmltools",
      "Version": "0.5.2",
      "Source": "Repository",
      "Repository": "CRAN",
      "Hash": "526c484233f42522278ab06fb185cb26",
      "Requirements": [
        "base64enc",
        "digest",
        "fastmap",
        "rlang"
      ]
    },
    "htmlwidgets": {
      "Package": "htmlwidgets",
      "Version": "1.5.4",
      "Source": "Repository",
      "Repository": "CRAN",
      "Hash": "76147821cd3fcd8c4b04e1ef0498e7fb",
      "Requirements": [
        "htmltools",
        "jsonlite",
        "yaml"
      ]
    },
    "httpuv": {
      "Package": "httpuv",
      "Version": "1.6.5",
      "Source": "Repository",
      "Repository": "CRAN",
      "Hash": "97fe71f0a4a1c9890e6c2128afa04bc0",
      "Requirements": [
        "R6",
        "Rcpp",
        "later",
        "promises"
      ]
    },
    "httr": {
      "Package": "httr",
      "Version": "1.4.2",
      "Source": "Repository",
      "Repository": "CRAN",
      "Hash": "a525aba14184fec243f9eaec62fbed43",
      "Requirements": [
        "R6",
        "curl",
        "jsonlite",
        "mime",
        "openssl"
      ]
    },
    "isoband": {
      "Package": "isoband",
      "Version": "0.2.5",
      "Source": "Repository",
      "Repository": "CRAN",
      "Hash": "7ab57a6de7f48a8dc84910d1eca42883",
      "Requirements": []
    },
    "jquerylib": {
      "Package": "jquerylib",
      "Version": "0.1.4",
      "Source": "Repository",
      "Repository": "CRAN",
      "Hash": "5aab57a3bd297eee1c1d862735972182",
      "Requirements": [
        "htmltools"
      ]
    },
    "jsonlite": {
      "Package": "jsonlite",
      "Version": "1.8.0",
      "Source": "Repository",
      "Repository": "CRAN",
      "Hash": "d07e729b27b372429d42d24d503613a0",
      "Requirements": []
    },
    "knitr": {
      "Package": "knitr",
      "Version": "1.38",
      "Source": "Repository",
      "Repository": "CRAN",
      "Hash": "10b3dc3c6acb925910edda5d0543b3a2",
      "Requirements": [
        "evaluate",
        "highr",
        "stringr",
        "xfun",
        "yaml"
      ]
    },
    "labeling": {
      "Package": "labeling",
      "Version": "0.4.2",
      "Source": "Repository",
      "Repository": "CRAN",
      "Hash": "3d5108641f47470611a32d0bdf357a72",
      "Requirements": []
    },
    "later": {
      "Package": "later",
      "Version": "1.3.0",
      "Source": "Repository",
      "Repository": "CRAN",
      "Hash": "7e7b457d7766bc47f2a5f21cc2984f8e",
      "Requirements": [
        "Rcpp",
        "rlang"
      ]
    },
    "lattice": {
      "Package": "lattice",
      "Version": "0.20-38",
      "Source": "Repository",
      "Repository": "CRAN",
      "Hash": "848f8c593fd1050371042d18d152e3d7",
      "Requirements": []
    },
    "lifecycle": {
      "Package": "lifecycle",
      "Version": "1.0.1",
      "Source": "Repository",
      "Repository": "CRAN",
      "Hash": "a6b6d352e3ed897373ab19d8395c98d0",
      "Requirements": [
        "glue",
        "rlang"
      ]
    },
    "magrittr": {
      "Package": "magrittr",
      "Version": "2.0.3",
      "Source": "Repository",
      "Repository": "CRAN",
      "Hash": "7ce2733a9826b3aeb1775d56fd305472",
      "Requirements": []
    },
    "memoise": {
      "Package": "memoise",
      "Version": "2.0.1",
      "Source": "Repository",
      "Repository": "CRAN",
      "Hash": "e2817ccf4a065c5d9d7f2cfbe7c1d78c",
      "Requirements": [
        "cachem",
        "rlang"
      ]
    },
    "mgcv": {
      "Package": "mgcv",
      "Version": "1.8-31",
      "Source": "Repository",
      "Repository": "CRAN",
      "Hash": "4bb7e0c4f3557583e1e8d3c9ffb8ba5c",
      "Requirements": [
        "Matrix",
        "nlme"
      ]
    },
    "mime": {
      "Package": "mime",
      "Version": "0.12",
      "Source": "Repository",
      "Repository": "CRAN",
      "Hash": "18e9c28c1d3ca1560ce30658b22ce104",
      "Requirements": []
    },
    "munsell": {
      "Package": "munsell",
      "Version": "0.5.0",
      "Source": "Repository",
      "Repository": "CRAN",
      "Hash": "6dfe8bf774944bd5595785e3229d8771",
      "Requirements": [
        "colorspace"
      ]
    },
    "nlme": {
      "Package": "nlme",
      "Version": "3.1-144",
      "Source": "Repository",
      "Repository": "CRAN",
      "Hash": "e80d41932d3cc235ccbbbb9732ae162e",
      "Requirements": [
        "lattice"
      ]
    },
    "openssl": {
      "Package": "openssl",
      "Version": "2.0.0",
      "Source": "Repository",
      "Repository": "CRAN",
      "Hash": "cf4329aac12c2c44089974559c18e446",
      "Requirements": [
        "askpass"
      ]
    },
    "pander": {
      "Package": "pander",
      "Version": "0.6.4",
      "Source": "Repository",
      "Repository": "CRAN",
      "Hash": "0eae8a954e0c51bd356f8c6f0e00e805",
      "Requirements": [
        "Rcpp",
        "digest"
      ]
    },
    "pillar": {
      "Package": "pillar",
      "Version": "1.7.0",
      "Source": "Repository",
      "Repository": "CRAN",
      "Hash": "51dfc97e1b7069e9f7e6f83f3589c22e",
      "Requirements": [
        "cli",
        "crayon",
        "ellipsis",
        "fansi",
        "glue",
        "lifecycle",
        "rlang",
        "utf8",
        "vctrs"
      ]
    },
    "pkgconfig": {
      "Package": "pkgconfig",
      "Version": "2.0.3",
      "Source": "Repository",
      "Repository": "CRAN",
      "Hash": "01f28d4278f15c76cddbea05899c5d6f",
      "Requirements": []
    },
    "pkgload": {
      "Package": "pkgload",
      "Version": "1.2.4",
      "Source": "Repository",
      "Repository": "CRAN",
      "Hash": "7533cd805940821bf23eaf3c8d4c1735",
      "Requirements": [
        "cli",
        "crayon",
        "desc",
        "rlang",
        "rprojroot",
        "rstudioapi",
        "withr"
      ]
    },
    "plogr": {
      "Package": "plogr",
      "Version": "0.2.0",
      "Source": "Repository",
      "Repository": "CRAN",
      "Hash": "09eb987710984fc2905c7129c7d85e65",
      "Requirements": []
    },
    "praise": {
      "Package": "praise",
      "Version": "1.0.0",
      "Source": "Repository",
      "Repository": "CRAN",
      "Hash": "a555924add98c99d2f411e37e7d25e9f",
      "Requirements": []
    },
    "prettyunits": {
      "Package": "prettyunits",
      "Version": "1.1.1",
      "Source": "Repository",
      "Repository": "CRAN",
      "Hash": "95ef9167b75dde9d2ccc3c7528393e7e",
      "Requirements": []
    },
    "processx": {
      "Package": "processx",
      "Version": "3.5.3",
      "Source": "Repository",
      "Repository": "CRAN",
      "Hash": "8bbae1a548d0d3fdf6647bdd9d35bf6d",
      "Requirements": [
        "R6",
        "ps"
      ]
    },
    "progress": {
      "Package": "progress",
      "Version": "1.2.2",
      "Source": "Repository",
      "Repository": "CRAN",
      "Hash": "14dc9f7a3c91ebb14ec5bb9208a07061",
      "Requirements": [
        "R6",
        "crayon",
        "hms",
        "prettyunits"
      ]
    },
    "promises": {
      "Package": "promises",
      "Version": "1.2.0.1",
      "Source": "Repository",
      "Repository": "CRAN",
      "Hash": "4ab2c43adb4d4699cf3690acd378d75d",
      "Requirements": [
        "R6",
        "Rcpp",
        "later",
        "magrittr",
        "rlang"
      ]
    },
    "ps": {
      "Package": "ps",
      "Version": "1.6.0",
      "Source": "Repository",
      "Repository": "CRAN",
      "Hash": "32620e2001c1dce1af49c49dccbb9420",
      "Requirements": []
    },
    "purrr": {
      "Package": "purrr",
      "Version": "0.3.4",
      "Source": "Repository",
      "Repository": "CRAN",
      "Hash": "97def703420c8ab10d8f0e6c72101e02",
      "Requirements": [
        "magrittr",
        "rlang"
      ]
    },
    "rappdirs": {
      "Package": "rappdirs",
      "Version": "0.3.3",
      "Source": "Repository",
      "Repository": "CRAN",
      "Hash": "5e3c5dc0b071b21fa128676560dbe94d",
      "Requirements": []
    },
    "reactR": {
      "Package": "reactR",
      "Version": "0.4.4",
      "Source": "Repository",
      "Repository": "CRAN",
      "Hash": "75389c8091eb14ee21c6bc87a88b3809",
      "Requirements": [
        "htmltools"
      ]
    },
    "reactable": {
      "Package": "reactable",
      "Version": "0.2.3",
      "Source": "Repository",
      "Repository": "CRAN",
      "Hash": "ac1afe50d1c77470a72971a07fd146b1",
      "Requirements": [
        "digest",
        "htmltools",
        "htmlwidgets",
        "jsonlite",
        "reactR"
      ]
    },
    "readr": {
      "Package": "readr",
      "Version": "2.1.2",
      "Source": "Repository",
      "Repository": "CRAN",
      "Hash": "9c59de1357dc209868b5feb5c9f0fe2f",
      "Requirements": [
        "R6",
        "cli",
        "clipr",
        "cpp11",
        "crayon",
        "hms",
        "lifecycle",
        "rlang",
        "tibble",
        "tzdb",
        "vroom"
      ]
    },
    "rematch2": {
      "Package": "rematch2",
      "Version": "2.1.2",
      "Source": "Repository",
      "Repository": "CRAN",
      "Hash": "76c9e04c712a05848ae7a23d2f170a40",
      "Requirements": [
        "tibble"
      ]
    },
    "renv": {
      "Package": "renv",
      "Version": "0.15.5",
      "Source": "Repository",
      "Repository": "CRAN",
      "Hash": "6a38294e7d12f5d8e656b08c5bd8ae34",
      "Requirements": []
    },
    "rlang": {
      "Package": "rlang",
      "Version": "1.0.4.9000",
      "Source": "GitHub",
      "RemoteType": "github",
      "RemoteHost": "api.github.com",
      "RemoteRepo": "rlang",
      "RemoteUsername": "r-lib",
      "RemoteRef": "HEAD",
      "RemoteSha": "ea70713df722e1c030f7cf614d733425bc837b09",
      "Hash": "956bb064ea23fa9768461199b25fdd1d",
      "Requirements": []
    },
    "rmarkdown": {
      "Package": "rmarkdown",
      "Version": "2.13",
      "Source": "Repository",
      "Repository": "CRAN",
      "Hash": "ac78f4d2e0289d4cba73b88af567b8b1",
      "Requirements": [
        "bslib",
        "evaluate",
        "htmltools",
        "jquerylib",
        "jsonlite",
        "knitr",
        "stringr",
        "tinytex",
        "xfun",
        "yaml"
      ]
    },
    "robustbase": {
      "Package": "robustbase",
      "Version": "0.93-9",
      "Source": "Repository",
      "Repository": "CRAN",
      "Hash": "e7b310bebca9aca51848b0a366a427cf",
      "Requirements": [
        "DEoptimR"
      ]
    },
    "rprojroot": {
      "Package": "rprojroot",
      "Version": "2.0.3",
      "Source": "Repository",
      "Repository": "CRAN",
      "Hash": "1de7ab598047a87bba48434ba35d497d",
      "Requirements": []
    },
    "rstudioapi": {
      "Package": "rstudioapi",
      "Version": "0.13",
      "Source": "Repository",
      "Repository": "CRAN",
      "Hash": "06c85365a03fdaf699966cc1d3cf53ea",
      "Requirements": []
    },
    "sass": {
      "Package": "sass",
      "Version": "0.4.1",
      "Source": "Repository",
      "Repository": "CRAN",
      "Hash": "f37c0028d720bab3c513fd65d28c7234",
      "Requirements": [
        "R6",
        "fs",
        "htmltools",
        "rappdirs",
        "rlang"
      ]
    },
    "scales": {
      "Package": "scales",
      "Version": "1.1.1",
      "Source": "Repository",
      "Repository": "CRAN",
      "Hash": "6f76f71042411426ec8df6c54f34e6dd",
      "Requirements": [
        "R6",
        "RColorBrewer",
        "farver",
        "labeling",
        "lifecycle",
        "munsell",
        "viridisLite"
      ]
    },
    "shiny": {
      "Package": "shiny",
      "Version": "1.7.1",
      "Source": "Repository",
      "Repository": "CRAN",
      "Hash": "00344c227c7bd0ab5d78052c5d736c44",
      "Requirements": [
        "R6",
        "bslib",
        "cachem",
        "commonmark",
        "crayon",
        "ellipsis",
        "fastmap",
        "fontawesome",
        "glue",
        "htmltools",
        "httpuv",
        "jsonlite",
        "later",
        "lifecycle",
        "mime",
        "promises",
        "rlang",
        "sourcetools",
        "withr",
        "xtable"
      ]
    },
    "sourcetools": {
      "Package": "sourcetools",
      "Version": "0.1.7",
      "Source": "Repository",
      "Repository": "CRAN",
      "Hash": "947e4e02a79effa5d512473e10f41797",
      "Requirements": []
    },
    "sparkline": {
      "Package": "sparkline",
      "Version": "2.0",
      "Source": "Repository",
      "Repository": "CRAN",
      "Hash": "06e5e4017ecb00fd142bada4b380c59a",
      "Requirements": [
        "htmltools",
        "htmlwidgets"
      ]
    },
    "stringi": {
      "Package": "stringi",
      "Version": "1.7.6",
      "Source": "Repository",
      "Repository": "CRAN",
      "Hash": "bba431031d30789535745a9627ac9271",
      "Requirements": []
    },
    "stringr": {
      "Package": "stringr",
      "Version": "1.4.0",
      "Source": "Repository",
      "Repository": "CRAN",
      "Hash": "0759e6b6c0957edb1311028a49a35e76",
      "Requirements": [
        "glue",
        "magrittr",
        "stringi"
      ]
    },
    "styler": {
      "Package": "styler",
      "Version": "1.7.0",
      "Source": "Repository",
      "Repository": "CRAN",
      "Hash": "6cc6b1eb8f318b15fae4b81fe0a0d82e",
      "Requirements": [
        "R.cache",
        "cli",
        "magrittr",
        "purrr",
        "rematch2",
        "rlang",
        "rprojroot",
        "tibble",
        "withr"
      ]
    },
    "sys": {
      "Package": "sys",
      "Version": "3.4",
      "Source": "Repository",
      "Repository": "CRAN",
      "Hash": "b227d13e29222b4574486cfcbde077fa",
      "Requirements": []
    },
    "testthat": {
      "Package": "testthat",
      "Version": "3.1.3",
      "Source": "Repository",
      "Repository": "CRAN",
      "Hash": "affcf9db2c99dd2c7e6459ef55ed3385",
      "Requirements": [
        "R6",
        "brio",
        "callr",
        "cli",
        "crayon",
        "desc",
        "digest",
        "ellipsis",
        "evaluate",
        "jsonlite",
        "lifecycle",
        "magrittr",
        "pkgload",
        "praise",
        "processx",
        "ps",
        "rlang",
        "waldo",
        "withr"
      ]
    },
    "tibble": {
      "Package": "tibble",
      "Version": "3.1.8",
      "Source": "Repository",
      "Repository": "CRAN",
      "Hash": "56b6934ef0f8c68225949a8672fe1a8f",
      "Requirements": [
        "fansi",
        "lifecycle",
        "magrittr",
        "pillar",
        "pkgconfig",
        "rlang",
        "vctrs"
      ]
    },
    "tidylog": {
      "Package": "tidylog",
      "Version": "1.0.2.9000",
      "Source": "GitHub",
      "RemoteType": "github",
      "RemoteHost": "api.github.com",
      "RemoteUsername": "nischalshrestha",
      "RemoteRepo": "tidylog",
      "RemoteRef": "master",
      "RemoteSha": "a7a9dba50ec308eb925068ff1f164ad17779f026",
      "Hash": "725358951a399c33f0b2ae5db42edfd3",
      "Requirements": [
        "clisymbols",
        "dplyr",
        "glue",
        "purrr",
        "rlang",
        "tidyr"
      ]
    },
    "tidyr": {
      "Package": "tidyr",
      "Version": "1.2.0",
      "Source": "Repository",
      "Repository": "CRAN",
      "Hash": "d8b95b7fee945d7da6888cf7eb71a49c",
      "Requirements": [
        "cpp11",
        "dplyr",
        "ellipsis",
        "glue",
        "lifecycle",
        "magrittr",
        "purrr",
        "rlang",
        "tibble",
        "tidyselect",
        "vctrs"
      ]
    },
    "tidyselect": {
      "Package": "tidyselect",
      "Version": "1.1.2",
      "Source": "Repository",
      "Repository": "CRAN",
      "Hash": "17f6da8cfd7002760a859915ce7eef8f",
      "Requirements": [
        "ellipsis",
        "glue",
        "purrr",
        "rlang",
        "vctrs"
      ]
    },
    "tinytex": {
      "Package": "tinytex",
      "Version": "0.38",
      "Source": "Repository",
      "Repository": "CRAN",
      "Hash": "759d047596ac173433985deddf313450",
      "Requirements": [
        "xfun"
      ]
    },
    "tzdb": {
      "Package": "tzdb",
      "Version": "0.3.0",
      "Source": "Repository",
      "Repository": "CRAN",
      "Hash": "b2e1cbce7c903eaf23ec05c58e59fb5e",
      "Requirements": [
        "cpp11"
      ]
    },
    "utf8": {
      "Package": "utf8",
      "Version": "1.2.2",
      "Source": "Repository",
      "Repository": "CRAN",
      "Hash": "c9c462b759a5cc844ae25b5942654d13",
      "Requirements": []
    },
    "vctrs": {
      "Package": "vctrs",
      "Version": "0.4.1",
      "Source": "Repository",
      "Repository": "CRAN",
      "Hash": "8b54f22e2a58c4f275479c92ce041a57",
      "Requirements": [
        "cli",
        "glue",
        "rlang"
      ]
    },
    "viridisLite": {
      "Package": "viridisLite",
      "Version": "0.4.0",
      "Source": "Repository",
      "Repository": "CRAN",
      "Hash": "55e157e2aa88161bdb0754218470d204",
      "Requirements": []
    },
    "vroom": {
      "Package": "vroom",
      "Version": "1.5.7",
      "Source": "Repository",
      "Repository": "CRAN",
      "Hash": "976507b5a105bc3bdf6a5a5f29e0684f",
      "Requirements": [
        "bit64",
        "cli",
        "cpp11",
        "crayon",
        "glue",
        "hms",
        "lifecycle",
        "progress",
        "rlang",
        "tibble",
        "tidyselect",
        "tzdb",
        "vctrs",
        "withr"
      ]
    },
    "waldo": {
      "Package": "waldo",
      "Version": "0.4.0",
      "Source": "Repository",
      "Repository": "CRAN",
      "Hash": "035fba89d0c86e2113120f93301b98ad",
      "Requirements": [
        "cli",
        "diffobj",
        "fansi",
        "glue",
        "rematch2",
        "rlang",
        "tibble"
      ]
    },
    "whoami": {
      "Package": "whoami",
      "Version": "1.3.0",
      "Source": "Repository",
      "Repository": "CRAN",
      "Hash": "ef0f4d9b8f2cc2ebeccae1d725b8a023",
      "Requirements": [
        "httr",
        "jsonlite"
      ]
    },
    "withr": {
      "Package": "withr",
      "Version": "2.5.0",
      "Source": "Repository",
      "Repository": "CRAN",
      "Hash": "c0e49a9760983e81e55cdd9be92e7182",
      "Requirements": []
    },
    "xfun": {
      "Package": "xfun",
      "Version": "0.30",
      "Source": "Repository",
      "Repository": "CRAN",
      "Hash": "e83f48136b041845e50a6658feffb197",
      "Requirements": []
    },
    "xtable": {
      "Package": "xtable",
      "Version": "1.8-4",
      "Source": "Repository",
      "Repository": "CRAN",
      "Hash": "b8acdf8af494d9ec19ccb2481a9b11c2",
      "Requirements": []
    },
    "yaml": {
      "Package": "yaml",
      "Version": "2.3.5",
      "Source": "Repository",
      "Repository": "CRAN",
      "Hash": "458bb38374d73bf83b1bb85e353da200",
      "Requirements": []
    }
  }
}
